
Microsoft Visual Studio Solution File, Format Version 12.00
# Visual Studio Version 17
VisualStudioVersion = 17.11.35222.181
MinimumVisualStudioVersion = 10.0.40219.1
Project("{FAE04EC0-301F-11D3-BF4B-00C04F79EFBC}") = "repeticionfor", "repeticionfor\repeticionfor.csproj", "{94C1242F-06A7-47CF-8902-A4AC4B5CE271}"
EndProject
Project("{FAE04EC0-301F-11D3-BF4B-00C04F79EFBC}") = "repeticionwhile", "repeticionwhile\repeticionwhile.csproj", "{BBA1A6DE-1DF7-4852-B76A-A28B8B13204D}"
EndProject
Global
	GlobalSection(SolutionConfigurationPlatforms) = preSolution
		Debug|Any CPU = Debug|Any CPU
		Release|Any CPU = Release|Any CPU
	EndGlobalSection
	GlobalSection(ProjectConfigurationPlatforms) = postSolution
		{94C1242F-06A7-47CF-8902-A4AC4B5CE271}.Debug|Any CPU.ActiveCfg = Debug|Any CPU
		{94C1242F-06A7-47CF-8902-A4AC4B5CE271}.Debug|Any CPU.Build.0 = Debug|Any CPU
		{94C1242F-06A7-47CF-8902-A4AC4B5CE271}.Release|Any CPU.ActiveCfg = Release|Any CPU
		{94C1242F-06A7-47CF-8902-A4AC4B5CE271}.Release|Any CPU.Build.0 = Release|Any CPU
		{BBA1A6DE-1DF7-4852-B76A-A28B8B13204D}.Debug|Any CPU.ActiveCfg = Debug|Any CPU
		{BBA1A6DE-1DF7-4852-B76A-A28B8B13204D}.Debug|Any CPU.Build.0 = Debug|Any CPU
		{BBA1A6DE-1DF7-4852-B76A-A28B8B13204D}.Release|Any CPU.ActiveCfg = Release|Any CPU
		{BBA1A6DE-1DF7-4852-B76A-A28B8B13204D}.Release|Any CPU.Build.0 = Release|Any CPU
	EndGlobalSection
	GlobalSection(SolutionProperties) = preSolution
		HideSolutionNode = FALSE
	EndGlobalSection
	GlobalSection(ExtensibilityGlobals) = postSolution
		SolutionGuid = {38253B28-95BA-404F-AC87-309B65029C16}
	EndGlobalSection
EndGlobal
